
Microsoft Visual Studio Solution File, Format Version 12.00
# Visual Studio Version 17
VisualStudioVersion = 17.5.33414.496
MinimumVisualStudioVersion = 10.0.40219.1
Project("{FAE04EC0-301F-11D3-BF4B-00C04F79EFBC}") = "Music Library Management Application", "Music Library Management Application.csproj", "{D8297C69-5722-4F0F-AC98-479C09EC8229}"
EndProject
Global
	GlobalSection(SolutionConfigurationPlatforms) = preSolution
		Debug|Any CPU = Debug|Any CPU
		Release|Any CPU = Release|Any CPU
	EndGlobalSection
	GlobalSection(ProjectConfigurationPlatforms) = postSolution
		{D8297C69-5722-4F0F-AC98-479C09EC8229}.Debug|Any CPU.ActiveCfg = Debug|Any CPU
		{D8297C69-5722-4F0F-AC98-479C09EC8229}.Debug|Any CPU.Build.0 = Debug|Any CPU
		{D8297C69-5722-4F0F-AC98-479C09EC8229}.Release|Any CPU.ActiveCfg = Release|Any CPU
		{D8297C69-5722-4F0F-AC98-479C09EC8229}.Release|Any CPU.Build.0 = Release|Any CPU
	EndGlobalSection
	GlobalSection(SolutionProperties) = preSolution
		HideSolutionNode = FALSE
	EndGlobalSection
	GlobalSection(ExtensibilityGlobals) = postSolution
		SolutionGuid = {5959C58D-CC46-45F8-86C7-F7F52F8E66C6}
	EndGlobalSection
EndGlobal
